
Microsoft Visual Studio Solution File, Format Version 12.00
# Visual Studio 14
VisualStudioVersion = 14.0.23107.0
MinimumVisualStudioVersion = 10.0.40219.1
Project("{FAE04EC0-301F-11D3-BF4B-00C04F79EFBC}") = "ProfessorOak", "ProfessorOak\ProfessorOak.csproj", "{3723B96B-3B70-4E60-ADFC-6847470897F2}"
EndProject
Project("{2150E333-8FDC-42A3-9474-1A3956D46DE8}") = "PublishScripts", "PublishScripts", "{2F548FB7-7A7B-4FAB-B96D-D000E4A99E04}"
	ProjectSection(SolutionItems) = preProject
		PublishScripts\AzureVMPublishModule.psm1 = PublishScripts\AzureVMPublishModule.psm1
		PublishScripts\Publish-WebApplicationVM.ps1 = PublishScripts\Publish-WebApplicationVM.ps1
	EndProjectSection
EndProject
Project("{2150E333-8FDC-42A3-9474-1A3956D46DE8}") = "Configurations", "Configurations", "{2AA9CFCC-4CC1-4016-988A-B1AA83C26A97}"
	ProjectSection(SolutionItems) = preProject
		PublishScripts\Configurations\ProfessorOak-WAWS-dev.json = PublishScripts\Configurations\ProfessorOak-WAWS-dev.json
	EndProjectSection
EndProject
Global
	GlobalSection(SolutionConfigurationPlatforms) = preSolution
		Debug|Any CPU = Debug|Any CPU
		Release|Any CPU = Release|Any CPU
	EndGlobalSection
	GlobalSection(ProjectConfigurationPlatforms) = postSolution
		{3723B96B-3B70-4E60-ADFC-6847470897F2}.Debug|Any CPU.ActiveCfg = Debug|Any CPU
		{3723B96B-3B70-4E60-ADFC-6847470897F2}.Debug|Any CPU.Build.0 = Debug|Any CPU
		{3723B96B-3B70-4E60-ADFC-6847470897F2}.Release|Any CPU.ActiveCfg = Release|Any CPU
		{3723B96B-3B70-4E60-ADFC-6847470897F2}.Release|Any CPU.Build.0 = Release|Any CPU
	EndGlobalSection
	GlobalSection(SolutionProperties) = preSolution
		HideSolutionNode = FALSE
	EndGlobalSection
	GlobalSection(NestedProjects) = preSolution
		{2AA9CFCC-4CC1-4016-988A-B1AA83C26A97} = {2F548FB7-7A7B-4FAB-B96D-D000E4A99E04}
	EndGlobalSection
EndGlobal
